
Microsoft Visual Studio Solution File, Format Version 12.00
# Visual Studio Version 17
VisualStudioVersion = 17.13.35919.96
MinimumVisualStudioVersion = 10.0.40219.1
Project("{888888A0-9F3D-457C-B088-3A5042F75D52}") = "test_backend", "test_backend.pyproj", "{5422C740-8314-43A0-AE84-DE459EA3D682}"
EndProject
Global
	GlobalSection(SolutionConfigurationPlatforms) = preSolution
		Debug|Any CPU = Debug|Any CPU
		Release|Any CPU = Release|Any CPU
	EndGlobalSection
	GlobalSection(ProjectConfigurationPlatforms) = postSolution
		{5422C740-8314-43A0-AE84-DE459EA3D682}.Debug|Any CPU.ActiveCfg = Debug|Any CPU
		{5422C740-8314-43A0-AE84-DE459EA3D682}.Release|Any CPU.ActiveCfg = Release|Any CPU
	EndGlobalSection
	GlobalSection(SolutionProperties) = preSolution
		HideSolutionNode = FALSE
	EndGlobalSection
	GlobalSection(ExtensibilityGlobals) = postSolution
		SolutionGuid = {C1CB71ED-C5D4-4601-BDA3-476BC5E882E9}
	EndGlobalSection
EndGlobal
